// !$*UTF8*$!
{
	archiveVersion = 1;
	classes = {
	};
	objectVersion = 56;
	objects = {

/* Begin PBXBuildFile section */
		8002FC6E2C7A3C71001FF4A3 /* DatabaseService.swift in Sources */ = {isa = PBXBuildFile; fileRef = 8002FC6D2C7A3C71001FF4A3 /* DatabaseService.swift */; };
		8002FC702C7A4491001FF4A3 /* CustomChallengeDBService.swift in Sources */ = {isa = PBXBuildFile; fileRef = 8002FC6F2C7A4491001FF4A3 /* CustomChallengeDBService.swift */; };
		8002FC772C7A473F001FF4A3 /* DBCustomChallengeModel+CoreDataClass.swift in Sources */ = {isa = PBXBuildFile; fileRef = 8002FC752C7A473F001FF4A3 /* DBCustomChallengeModel+CoreDataClass.swift */; };
		8002FC782C7A473F001FF4A3 /* DBCustomChallengeModel+CoreDataProperties.swift in Sources */ = {isa = PBXBuildFile; fileRef = 8002FC762C7A473F001FF4A3 /* DBCustomChallengeModel+CoreDataProperties.swift */; };
		8002FC7C2C7A4EDE001FF4A3 /* CustomChallenge.swift in Sources */ = {isa = PBXBuildFile; fileRef = 8002FC7B2C7A4EDE001FF4A3 /* CustomChallenge.swift */; };
		8002FC7F2C7B6613001FF4A3 /* OpenedChallengeVC.swift in Sources */ = {isa = PBXBuildFile; fileRef = 8002FC7E2C7B6613001FF4A3 /* OpenedChallengeVC.swift */; };
		8002FC812C7B6CE4001FF4A3 /* StartOpenedChallengeVC.swift in Sources */ = {isa = PBXBuildFile; fileRef = 8002FC802C7B6CE4001FF4A3 /* StartOpenedChallengeVC.swift */; };
		80054B312CBAE19A009A00A3 /* Date+Utils.swift in Sources */ = {isa = PBXBuildFile; fileRef = 80054B302CBAE19A009A00A3 /* Date+Utils.swift */; };
		800C40C22C5C1D2200AECCA4 /* UIImage+Utils.swift in Sources */ = {isa = PBXBuildFile; fileRef = 800C40C12C5C1D2200AECCA4 /* UIImage+Utils.swift */; };
		800C40C42C5C1D6100AECCA4 /* UIImageResizer.swift in Sources */ = {isa = PBXBuildFile; fileRef = 800C40C32C5C1D6100AECCA4 /* UIImageResizer.swift */; };
		800C40C92C5EBCEC00AECCA4 /* AlertsPresenter.swift in Sources */ = {isa = PBXBuildFile; fileRef = 800C40C82C5EBCEC00AECCA4 /* AlertsPresenter.swift */; };
		800DA6C72C6172D800FCFCD6 /* ADSManager.swift in Sources */ = {isa = PBXBuildFile; fileRef = 800DA6C62C6172D800FCFCD6 /* ADSManager.swift */; };
		801309802C6BE8F000E2020D /* GoogleMobileAds in Frameworks */ = {isa = PBXBuildFile; productRef = 8013097F2C6BE8F000E2020D /* GoogleMobileAds */; };
		801309832C6BE9A700E2020D /* AppActivityVC.swift in Sources */ = {isa = PBXBuildFile; fileRef = 801309822C6BE9A700E2020D /* AppActivityVC.swift */; };
		8026471B2C52E35600705B2E /* CreateChallengeInfoVC.swift in Sources */ = {isa = PBXBuildFile; fileRef = 8026471A2C52E35600705B2E /* CreateChallengeInfoVC.swift */; };
		8026471E2C52EB8800705B2E /* ChallengeModelToCreate.swift in Sources */ = {isa = PBXBuildFile; fileRef = 8026471D2C52EB8800705B2E /* ChallengeModelToCreate.swift */; };
		802647202C52EBF300705B2E /* CreateChallengeRegularityUtils.swift in Sources */ = {isa = PBXBuildFile; fileRef = 8026471F2C52EBF300705B2E /* CreateChallengeRegularityUtils.swift */; };
		8035724C2C87940600B0F65B /* StartedChallengeDetailsVC.swift in Sources */ = {isa = PBXBuildFile; fileRef = 8035724B2C87940600B0F65B /* StartedChallengeDetailsVC.swift */; };
		804A2B512C7CE6BB00301BC4 /* ChallengesSearchResultSection.swift in Sources */ = {isa = PBXBuildFile; fileRef = 804A2B502C7CE6BB00301BC4 /* ChallengesSearchResultSection.swift */; };
		804A2B532C7CE7BE00301BC4 /* ChallengesSearchService.swift in Sources */ = {isa = PBXBuildFile; fileRef = 804A2B522C7CE7BE00301BC4 /* ChallengesSearchService.swift */; };
		804D8FC62C2861EE00FA30F3 /* MainCategoriesCell.swift in Sources */ = {isa = PBXBuildFile; fileRef = 804D8FC52C2861EE00FA30F3 /* MainCategoriesCell.swift */; };
		804D8FC82C2871D300FA30F3 /* MainVCCollectiomLayout.swift in Sources */ = {isa = PBXBuildFile; fileRef = 804D8FC72C2871D300FA30F3 /* MainVCCollectiomLayout.swift */; };
		805E27432C235BAA0048F78F /* CategoriesSource.swift in Sources */ = {isa = PBXBuildFile; fileRef = 805E27422C235BAA0048F78F /* CategoriesSource.swift */; };
		805E27462C235CF30048F78F /* Localizable.strings in Resources */ = {isa = PBXBuildFile; fileRef = 805E27482C235CF30048F78F /* Localizable.strings */; };
		805E274B2C2360340048F78F /* CategoriesSectionHeader.swift in Sources */ = {isa = PBXBuildFile; fileRef = 805E274A2C2360340048F78F /* CategoriesSectionHeader.swift */; };
		80722BBD2C7B85EE0069A08D /* ChallengesSearchResultController.swift in Sources */ = {isa = PBXBuildFile; fileRef = 80722BBC2C7B85EE0069A08D /* ChallengesSearchResultController.swift */; };
		80722BBF2C7BB29B0069A08D /* ChallengesSearchResultHeaderView.swift in Sources */ = {isa = PBXBuildFile; fileRef = 80722BBE2C7BB29B0069A08D /* ChallengesSearchResultHeaderView.swift */; };
		80722BC12C7BB6680069A08D /* ChallengesSearchResultCell.swift in Sources */ = {isa = PBXBuildFile; fileRef = 80722BC02C7BB6680069A08D /* ChallengesSearchResultCell.swift */; };
		8074463C2C55991F0093D65F /* CreateChallengeImageVC.swift in Sources */ = {isa = PBXBuildFile; fileRef = 8074463B2C55991E0093D65F /* CreateChallengeImageVC.swift */; };
		807502742CB3FD5200726438 /* ChallengeDayCell.swift in Sources */ = {isa = PBXBuildFile; fileRef = 807502732CB3FD5200726438 /* ChallengeDayCell.swift */; };
		807502792CB4099F00726438 /* TextViewWithPlaceholder.swift in Sources */ = {isa = PBXBuildFile; fileRef = 807502782CB4099F00726438 /* TextViewWithPlaceholder.swift */; };
		807862002C29E5EB00FA8938 /* MainVCListActionItem.swift in Sources */ = {isa = PBXBuildFile; fileRef = 807861FF2C29E5EB00FA8938 /* MainVCListActionItem.swift */; };
		807862022C29E86200FA8938 /* MainVCListActionView.swift in Sources */ = {isa = PBXBuildFile; fileRef = 807862012C29E86200FA8938 /* MainVCListActionView.swift */; };
		807D48C22C1F532B004FB542 /* AppDelegate.swift in Sources */ = {isa = PBXBuildFile; fileRef = 807D48C12C1F532B004FB542 /* AppDelegate.swift */; };
		807D48C42C1F532B004FB542 /* SceneDelegate.swift in Sources */ = {isa = PBXBuildFile; fileRef = 807D48C32C1F532B004FB542 /* SceneDelegate.swift */; };
		807D48C62C1F532B004FB542 /* AfterLaunchViewController.swift in Sources */ = {isa = PBXBuildFile; fileRef = 807D48C52C1F532B004FB542 /* AfterLaunchViewController.swift */; };
		807D48C92C1F532B004FB542 /* Main.storyboard in Resources */ = {isa = PBXBuildFile; fileRef = 807D48C72C1F532B004FB542 /* Main.storyboard */; };
		807D48CC2C1F532B004FB542 /* LidaChallenges.xcdatamodeld in Sources */ = {isa = PBXBuildFile; fileRef = 807D48CA2C1F532B004FB542 /* LidaChallenges.xcdatamodeld */; };
		807D48CE2C1F532D004FB542 /* Assets.xcassets in Resources */ = {isa = PBXBuildFile; fileRef = 807D48CD2C1F532D004FB542 /* Assets.xcassets */; };
		807D48D12C1F532D004FB542 /* LaunchScreen.storyboard in Resources */ = {isa = PBXBuildFile; fileRef = 807D48CF2C1F532D004FB542 /* LaunchScreen.storyboard */; };
		8087DE022C8E038100F00064 /* MyChallengesSection.swift in Sources */ = {isa = PBXBuildFile; fileRef = 8087DE012C8E038100F00064 /* MyChallengesSection.swift */; };
		8087DE042C8E068E00F00064 /* MyChallengesSectionHeader.swift in Sources */ = {isa = PBXBuildFile; fileRef = 8087DE032C8E068E00F00064 /* MyChallengesSectionHeader.swift */; };
		8087DE062C8E087100F00064 /* MyChallengesCell.swift in Sources */ = {isa = PBXBuildFile; fileRef = 8087DE052C8E087100F00064 /* MyChallengesCell.swift */; };
		808C18362C5C0A1F00316CA8 /* CreateChallengeImagePickGalleryCell.swift in Sources */ = {isa = PBXBuildFile; fileRef = 808C18352C5C0A1F00316CA8 /* CreateChallengeImagePickGalleryCell.swift */; };
		808C18382C5C110E00316CA8 /* CreateChallengeImagePickCell.swift in Sources */ = {isa = PBXBuildFile; fileRef = 808C18372C5C110E00316CA8 /* CreateChallengeImagePickCell.swift */; };
		809137602C45A83D0021CCE0 /* FontsProvider.swift in Sources */ = {isa = PBXBuildFile; fileRef = 8091375F2C45A83D0021CCE0 /* FontsProvider.swift */; };
		809137622C45A9FF0021CCE0 /* AppRouter.swift in Sources */ = {isa = PBXBuildFile; fileRef = 809137612C45A9FF0021CCE0 /* AppRouter.swift */; };
		809137652C45AC160021CCE0 /* MyChallengesVC.swift in Sources */ = {isa = PBXBuildFile; fileRef = 809137642C45AC160021CCE0 /* MyChallengesVC.swift */; };
		809137692C46F50C0021CCE0 /* CreateChallengeMainVC.swift in Sources */ = {isa = PBXBuildFile; fileRef = 809137682C46F50C0021CCE0 /* CreateChallengeMainVC.swift */; };
		8091376B2C46FABC0021CCE0 /* KeyboardAppearService.swift in Sources */ = {isa = PBXBuildFile; fileRef = 8091376A2C46FABC0021CCE0 /* KeyboardAppearService.swift */; };
		8091376D2C47009F0021CCE0 /* OffsetsService.swift in Sources */ = {isa = PBXBuildFile; fileRef = 8091376C2C47009F0021CCE0 /* OffsetsService.swift */; };
		80A500A52C655F1000EBED90 /* AppOpenAdManager.swift in Sources */ = {isa = PBXBuildFile; fileRef = 80A500A42C655F1000EBED90 /* AppOpenAdManager.swift */; };
		80B8BB1E2C766C2900A29B8C /* AppActivityManager.swift in Sources */ = {isa = PBXBuildFile; fileRef = 80B8BB1D2C766C2900A29B8C /* AppActivityManager.swift */; };
		80BCB5DD2CB53E480080EF19 /* PopupVC.swift in Sources */ = {isa = PBXBuildFile; fileRef = 80BCB5DC2CB53E480080EF19 /* PopupVC.swift */; };
		80BCB5DF2CB543E70080EF19 /* PopupFactory.swift in Sources */ = {isa = PBXBuildFile; fileRef = 80BCB5DE2CB543E70080EF19 /* PopupFactory.swift */; };
		80BCB5E12CB555730080EF19 /* Formatters.swift in Sources */ = {isa = PBXBuildFile; fileRef = 80BCB5E02CB555730080EF19 /* Formatters.swift */; };
		80E0725E2C84A6AF00DDE0C2 /* DBStartedChallengeModel+CoreDataClass.swift in Sources */ = {isa = PBXBuildFile; fileRef = 80E0725C2C84A6AF00DDE0C2 /* DBStartedChallengeModel+CoreDataClass.swift */; };
		80E0725F2C84A6AF00DDE0C2 /* DBStartedChallengeModel+CoreDataProperties.swift in Sources */ = {isa = PBXBuildFile; fileRef = 80E0725D2C84A6AF00DDE0C2 /* DBStartedChallengeModel+CoreDataProperties.swift */; };
		80E072612C84A95600DDE0C2 /* StartedChallengeDBService.swift in Sources */ = {isa = PBXBuildFile; fileRef = 80E072602C84A95600DDE0C2 /* StartedChallengeDBService.swift */; };
		80E072632C84AAFD00DDE0C2 /* StartedChallenge.swift in Sources */ = {isa = PBXBuildFile; fileRef = 80E072622C84AAFD00DDE0C2 /* StartedChallenge.swift */; };
		80E072652C84AC4D00DDE0C2 /* Challenge.swift in Sources */ = {isa = PBXBuildFile; fileRef = 80E072642C84AC4D00DDE0C2 /* Challenge.swift */; };
		80E072672C84B47800DDE0C2 /* ChallengeDayRecord.swift in Sources */ = {isa = PBXBuildFile; fileRef = 80E072662C84B47800DDE0C2 /* ChallengeDayRecord.swift */; };
		80F2CDFF2C20B33000B0E611 /* ColorThemeProvider.swift in Sources */ = {isa = PBXBuildFile; fileRef = 80F2CDFE2C20B33000B0E611 /* ColorThemeProvider.swift */; };
		80F2CE022C20B36A00B0E611 /* ColorThemes.swift in Sources */ = {isa = PBXBuildFile; fileRef = 80F2CE012C20B36A00B0E611 /* ColorThemes.swift */; };
		80F2CE052C20B3D200B0E611 /* Color+Hex.swift in Sources */ = {isa = PBXBuildFile; fileRef = 80F2CE032C20B3D200B0E611 /* Color+Hex.swift */; };
		80F2CE062C20B3D200B0E611 /* String+Localisation.swift in Sources */ = {isa = PBXBuildFile; fileRef = 80F2CE042C20B3D200B0E611 /* String+Localisation.swift */; };
		80F2CE092C20B66400B0E611 /* AppRootVC.swift in Sources */ = {isa = PBXBuildFile; fileRef = 80F2CE082C20B66400B0E611 /* AppRootVC.swift */; };
		80F2CE0B2C20B74100B0E611 /* Controller+Childred.swift in Sources */ = {isa = PBXBuildFile; fileRef = 80F2CE0A2C20B74100B0E611 /* Controller+Childred.swift */; };
		80F2CE0D2C20BC6600B0E611 /* MainVC.swift in Sources */ = {isa = PBXBuildFile; fileRef = 80F2CE0C2C20BC6600B0E611 /* MainVC.swift */; };
/* End PBXBuildFile section */

/* Begin PBXFileReference section */
		8002FC6D2C7A3C71001FF4A3 /* DatabaseService.swift */ = {isa = PBXFileReference; lastKnownFileType = sourcecode.swift; path = DatabaseService.swift; sourceTree = "<group>"; };
		8002FC6F2C7A4491001FF4A3 /* CustomChallengeDBService.swift */ = {isa = PBXFileReference; lastKnownFileType = sourcecode.swift; path = CustomChallengeDBService.swift; sourceTree = "<group>"; };
		8002FC752C7A473F001FF4A3 /* DBCustomChallengeModel+CoreDataClass.swift */ = {isa = PBXFileReference; lastKnownFileType = sourcecode.swift; path = "DBCustomChallengeModel+CoreDataClass.swift"; sourceTree = "<group>"; };
		8002FC762C7A473F001FF4A3 /* DBCustomChallengeModel+CoreDataProperties.swift */ = {isa = PBXFileReference; lastKnownFileType = sourcecode.swift; path = "DBCustomChallengeModel+CoreDataProperties.swift"; sourceTree = "<group>"; };
		8002FC7B2C7A4EDE001FF4A3 /* CustomChallenge.swift */ = {isa = PBXFileReference; lastKnownFileType = sourcecode.swift; path = CustomChallenge.swift; sourceTree = "<group>"; };
		8002FC7E2C7B6613001FF4A3 /* OpenedChallengeVC.swift */ = {isa = PBXFileReference; lastKnownFileType = sourcecode.swift; path = OpenedChallengeVC.swift; sourceTree = "<group>"; };
		8002FC802C7B6CE4001FF4A3 /* StartOpenedChallengeVC.swift */ = {isa = PBXFileReference; lastKnownFileType = sourcecode.swift; path = StartOpenedChallengeVC.swift; sourceTree = "<group>"; };
		80054B302CBAE19A009A00A3 /* Date+Utils.swift */ = {isa = PBXFileReference; lastKnownFileType = sourcecode.swift; path = "Date+Utils.swift"; sourceTree = "<group>"; };
		800C40C12C5C1D2200AECCA4 /* UIImage+Utils.swift */ = {isa = PBXFileReference; lastKnownFileType = sourcecode.swift; path = "UIImage+Utils.swift"; sourceTree = "<group>"; };
		800C40C32C5C1D6100AECCA4 /* UIImageResizer.swift */ = {isa = PBXFileReference; lastKnownFileType = sourcecode.swift; path = UIImageResizer.swift; sourceTree = "<group>"; };
		800C40C82C5EBCEC00AECCA4 /* AlertsPresenter.swift */ = {isa = PBXFileReference; lastKnownFileType = sourcecode.swift; path = AlertsPresenter.swift; sourceTree = "<group>"; };
		800DA6C62C6172D800FCFCD6 /* ADSManager.swift */ = {isa = PBXFileReference; fileEncoding = 4; lastKnownFileType = sourcecode.swift; path = ADSManager.swift; sourceTree = "<group>"; };
		801309822C6BE9A700E2020D /* AppActivityVC.swift */ = {isa = PBXFileReference; lastKnownFileType = sourcecode.swift; path = AppActivityVC.swift; sourceTree = "<group>"; };
		8026471A2C52E35600705B2E /* CreateChallengeInfoVC.swift */ = {isa = PBXFileReference; lastKnownFileType = sourcecode.swift; path = CreateChallengeInfoVC.swift; sourceTree = "<group>"; };
		8026471D2C52EB8800705B2E /* ChallengeModelToCreate.swift */ = {isa = PBXFileReference; lastKnownFileType = sourcecode.swift; path = ChallengeModelToCreate.swift; sourceTree = "<group>"; };
		8026471F2C52EBF300705B2E /* CreateChallengeRegularityUtils.swift */ = {isa = PBXFileReference; lastKnownFileType = sourcecode.swift; path = CreateChallengeRegularityUtils.swift; sourceTree = "<group>"; };
		8035724B2C87940600B0F65B /* StartedChallengeDetailsVC.swift */ = {isa = PBXFileReference; lastKnownFileType = sourcecode.swift; path = StartedChallengeDetailsVC.swift; sourceTree = "<group>"; };
		804A2B502C7CE6BB00301BC4 /* ChallengesSearchResultSection.swift */ = {isa = PBXFileReference; lastKnownFileType = sourcecode.swift; path = ChallengesSearchResultSection.swift; sourceTree = "<group>"; };
		804A2B522C7CE7BE00301BC4 /* ChallengesSearchService.swift */ = {isa = PBXFileReference; lastKnownFileType = sourcecode.swift; path = ChallengesSearchService.swift; sourceTree = "<group>"; };
		804D8FC52C2861EE00FA30F3 /* MainCategoriesCell.swift */ = {isa = PBXFileReference; lastKnownFileType = sourcecode.swift; path = MainCategoriesCell.swift; sourceTree = "<group>"; };
		804D8FC72C2871D300FA30F3 /* MainVCCollectiomLayout.swift */ = {isa = PBXFileReference; lastKnownFileType = sourcecode.swift; path = MainVCCollectiomLayout.swift; sourceTree = "<group>"; };
		805E27422C235BAA0048F78F /* CategoriesSource.swift */ = {isa = PBXFileReference; lastKnownFileType = sourcecode.swift; path = CategoriesSource.swift; sourceTree = "<group>"; };
		805E27472C235CF30048F78F /* en */ = {isa = PBXFileReference; lastKnownFileType = text.plist.strings; name = en; path = en.lproj/Localizable.strings; sourceTree = "<group>"; };
		805E27492C235D0A0048F78F /* ru */ = {isa = PBXFileReference; lastKnownFileType = text.plist.strings; name = ru; path = ru.lproj/Localizable.strings; sourceTree = "<group>"; };
		805E274A2C2360340048F78F /* CategoriesSectionHeader.swift */ = {isa = PBXFileReference; lastKnownFileType = sourcecode.swift; path = CategoriesSectionHeader.swift; sourceTree = "<group>"; };
		80722BBC2C7B85EE0069A08D /* ChallengesSearchResultController.swift */ = {isa = PBXFileReference; lastKnownFileType = sourcecode.swift; path = ChallengesSearchResultController.swift; sourceTree = "<group>"; };
		80722BBE2C7BB29B0069A08D /* ChallengesSearchResultHeaderView.swift */ = {isa = PBXFileReference; lastKnownFileType = sourcecode.swift; path = ChallengesSearchResultHeaderView.swift; sourceTree = "<group>"; };
		80722BC02C7BB6680069A08D /* ChallengesSearchResultCell.swift */ = {isa = PBXFileReference; lastKnownFileType = sourcecode.swift; path = ChallengesSearchResultCell.swift; sourceTree = "<group>"; };
		8074463B2C55991E0093D65F /* CreateChallengeImageVC.swift */ = {isa = PBXFileReference; lastKnownFileType = sourcecode.swift; path = CreateChallengeImageVC.swift; sourceTree = "<group>"; };
		807502732CB3FD5200726438 /* ChallengeDayCell.swift */ = {isa = PBXFileReference; lastKnownFileType = sourcecode.swift; path = ChallengeDayCell.swift; sourceTree = "<group>"; };
		807502782CB4099F00726438 /* TextViewWithPlaceholder.swift */ = {isa = PBXFileReference; lastKnownFileType = sourcecode.swift; path = TextViewWithPlaceholder.swift; sourceTree = "<group>"; };
		807861FF2C29E5EB00FA8938 /* MainVCListActionItem.swift */ = {isa = PBXFileReference; lastKnownFileType = sourcecode.swift; path = MainVCListActionItem.swift; sourceTree = "<group>"; };
		807862012C29E86200FA8938 /* MainVCListActionView.swift */ = {isa = PBXFileReference; lastKnownFileType = sourcecode.swift; path = MainVCListActionView.swift; sourceTree = "<group>"; };
		807D48BE2C1F532B004FB542 /* LidaChallenges.app */ = {isa = PBXFileReference; explicitFileType = wrapper.application; includeInIndex = 0; path = LidaChallenges.app; sourceTree = BUILT_PRODUCTS_DIR; };
		807D48C12C1F532B004FB542 /* AppDelegate.swift */ = {isa = PBXFileReference; lastKnownFileType = sourcecode.swift; path = AppDelegate.swift; sourceTree = "<group>"; };
		807D48C32C1F532B004FB542 /* SceneDelegate.swift */ = {isa = PBXFileReference; lastKnownFileType = sourcecode.swift; path = SceneDelegate.swift; sourceTree = "<group>"; };
		807D48C52C1F532B004FB542 /* AfterLaunchViewController.swift */ = {isa = PBXFileReference; lastKnownFileType = sourcecode.swift; path = AfterLaunchViewController.swift; sourceTree = "<group>"; };
		807D48C82C1F532B004FB542 /* Base */ = {isa = PBXFileReference; lastKnownFileType = file.storyboard; name = Base; path = Base.lproj/Main.storyboard; sourceTree = "<group>"; };
		807D48CB2C1F532B004FB542 /* LidaChallenges.xcdatamodel */ = {isa = PBXFileReference; lastKnownFileType = wrapper.xcdatamodel; path = LidaChallenges.xcdatamodel; sourceTree = "<group>"; };
		807D48CD2C1F532D004FB542 /* Assets.xcassets */ = {isa = PBXFileReference; lastKnownFileType = folder.assetcatalog; path = Assets.xcassets; sourceTree = "<group>"; };
		807D48D02C1F532D004FB542 /* Base */ = {isa = PBXFileReference; lastKnownFileType = file.storyboard; name = Base; path = Base.lproj/LaunchScreen.storyboard; sourceTree = "<group>"; };
		807D48D22C1F532D004FB542 /* Info.plist */ = {isa = PBXFileReference; lastKnownFileType = text.plist.xml; path = Info.plist; sourceTree = "<group>"; };
		8087DE012C8E038100F00064 /* MyChallengesSection.swift */ = {isa = PBXFileReference; lastKnownFileType = sourcecode.swift; path = MyChallengesSection.swift; sourceTree = "<group>"; };
		8087DE032C8E068E00F00064 /* MyChallengesSectionHeader.swift */ = {isa = PBXFileReference; lastKnownFileType = sourcecode.swift; path = MyChallengesSectionHeader.swift; sourceTree = "<group>"; };
		8087DE052C8E087100F00064 /* MyChallengesCell.swift */ = {isa = PBXFileReference; lastKnownFileType = sourcecode.swift; path = MyChallengesCell.swift; sourceTree = "<group>"; };
		808C18352C5C0A1F00316CA8 /* CreateChallengeImagePickGalleryCell.swift */ = {isa = PBXFileReference; lastKnownFileType = sourcecode.swift; path = CreateChallengeImagePickGalleryCell.swift; sourceTree = "<group>"; };
		808C18372C5C110E00316CA8 /* CreateChallengeImagePickCell.swift */ = {isa = PBXFileReference; lastKnownFileType = sourcecode.swift; path = CreateChallengeImagePickCell.swift; sourceTree = "<group>"; };
		8091375F2C45A83D0021CCE0 /* FontsProvider.swift */ = {isa = PBXFileReference; lastKnownFileType = sourcecode.swift; path = FontsProvider.swift; sourceTree = "<group>"; };
		809137612C45A9FF0021CCE0 /* AppRouter.swift */ = {isa = PBXFileReference; lastKnownFileType = sourcecode.swift; path = AppRouter.swift; sourceTree = "<group>"; };
		809137642C45AC160021CCE0 /* MyChallengesVC.swift */ = {isa = PBXFileReference; lastKnownFileType = sourcecode.swift; path = MyChallengesVC.swift; sourceTree = "<group>"; };
		809137682C46F50C0021CCE0 /* CreateChallengeMainVC.swift */ = {isa = PBXFileReference; lastKnownFileType = sourcecode.swift; path = CreateChallengeMainVC.swift; sourceTree = "<group>"; };
		8091376A2C46FABC0021CCE0 /* KeyboardAppearService.swift */ = {isa = PBXFileReference; fileEncoding = 4; lastKnownFileType = sourcecode.swift; path = KeyboardAppearService.swift; sourceTree = "<group>"; };
		8091376C2C47009F0021CCE0 /* OffsetsService.swift */ = {isa = PBXFileReference; lastKnownFileType = sourcecode.swift; path = OffsetsService.swift; sourceTree = "<group>"; };
		80A500A42C655F1000EBED90 /* AppOpenAdManager.swift */ = {isa = PBXFileReference; lastKnownFileType = sourcecode.swift; path = AppOpenAdManager.swift; sourceTree = "<group>"; };
		80B8BB1D2C766C2900A29B8C /* AppActivityManager.swift */ = {isa = PBXFileReference; lastKnownFileType = sourcecode.swift; path = AppActivityManager.swift; sourceTree = "<group>"; };
		80BCB5DC2CB53E480080EF19 /* PopupVC.swift */ = {isa = PBXFileReference; lastKnownFileType = sourcecode.swift; path = PopupVC.swift; sourceTree = "<group>"; };
		80BCB5DE2CB543E70080EF19 /* PopupFactory.swift */ = {isa = PBXFileReference; lastKnownFileType = sourcecode.swift; path = PopupFactory.swift; sourceTree = "<group>"; };
		80BCB5E02CB555730080EF19 /* Formatters.swift */ = {isa = PBXFileReference; lastKnownFileType = sourcecode.swift; path = Formatters.swift; sourceTree = "<group>"; };
		80E0725C2C84A6AF00DDE0C2 /* DBStartedChallengeModel+CoreDataClass.swift */ = {isa = PBXFileReference; lastKnownFileType = sourcecode.swift; path = "DBStartedChallengeModel+CoreDataClass.swift"; sourceTree = "<group>"; };
		80E0725D2C84A6AF00DDE0C2 /* DBStartedChallengeModel+CoreDataProperties.swift */ = {isa = PBXFileReference; lastKnownFileType = sourcecode.swift; path = "DBStartedChallengeModel+CoreDataProperties.swift"; sourceTree = "<group>"; };
		80E072602C84A95600DDE0C2 /* StartedChallengeDBService.swift */ = {isa = PBXFileReference; lastKnownFileType = sourcecode.swift; path = StartedChallengeDBService.swift; sourceTree = "<group>"; };
		80E072622C84AAFD00DDE0C2 /* StartedChallenge.swift */ = {isa = PBXFileReference; lastKnownFileType = sourcecode.swift; path = StartedChallenge.swift; sourceTree = "<group>"; };
		80E072642C84AC4D00DDE0C2 /* Challenge.swift */ = {isa = PBXFileReference; lastKnownFileType = sourcecode.swift; path = Challenge.swift; sourceTree = "<group>"; };
		80E072662C84B47800DDE0C2 /* ChallengeDayRecord.swift */ = {isa = PBXFileReference; lastKnownFileType = sourcecode.swift; path = ChallengeDayRecord.swift; sourceTree = "<group>"; };
		80F2CDFE2C20B33000B0E611 /* ColorThemeProvider.swift */ = {isa = PBXFileReference; lastKnownFileType = sourcecode.swift; path = ColorThemeProvider.swift; sourceTree = "<group>"; };
		80F2CE012C20B36A00B0E611 /* ColorThemes.swift */ = {isa = PBXFileReference; lastKnownFileType = sourcecode.swift; path = ColorThemes.swift; sourceTree = "<group>"; };
		80F2CE032C20B3D200B0E611 /* Color+Hex.swift */ = {isa = PBXFileReference; fileEncoding = 4; lastKnownFileType = sourcecode.swift; path = "Color+Hex.swift"; sourceTree = "<group>"; };
		80F2CE042C20B3D200B0E611 /* String+Localisation.swift */ = {isa = PBXFileReference; fileEncoding = 4; lastKnownFileType = sourcecode.swift; path = "String+Localisation.swift"; sourceTree = "<group>"; };
		80F2CE082C20B66400B0E611 /* AppRootVC.swift */ = {isa = PBXFileReference; lastKnownFileType = sourcecode.swift; path = AppRootVC.swift; sourceTree = "<group>"; };
		80F2CE0A2C20B74100B0E611 /* Controller+Childred.swift */ = {isa = PBXFileReference; lastKnownFileType = sourcecode.swift; path = "Controller+Childred.swift"; sourceTree = "<group>"; };
		80F2CE0C2C20BC6600B0E611 /* MainVC.swift */ = {isa = PBXFileReference; lastKnownFileType = sourcecode.swift; path = MainVC.swift; sourceTree = "<group>"; };
/* End PBXFileReference section */

/* Begin PBXFrameworksBuildPhase section */
		807D48BB2C1F532B004FB542 /* Frameworks */ = {
			isa = PBXFrameworksBuildPhase;
			buildActionMask = 2147483647;
			files = (
				801309802C6BE8F000E2020D /* GoogleMobileAds in Frameworks */,
			);
			runOnlyForDeploymentPostprocessing = 0;
		};
/* End PBXFrameworksBuildPhase section */

/* Begin PBXGroup section */
		8002FC682C7A33F9001FF4A3 /* Database */ = {
			isa = PBXGroup;
			children = (
				8002FC7A2C7A4EC7001FF4A3 /* DBModels */,
				8002FC792C7A4EBD001FF4A3 /* AppModels */,
				8002FC6D2C7A3C71001FF4A3 /* DatabaseService.swift */,
				8002FC6F2C7A4491001FF4A3 /* CustomChallengeDBService.swift */,
				80E072602C84A95600DDE0C2 /* StartedChallengeDBService.swift */,
			);
			path = Database;
			sourceTree = "<group>";
		};
		8002FC792C7A4EBD001FF4A3 /* AppModels */ = {
			isa = PBXGroup;
			children = (
				8002FC7B2C7A4EDE001FF4A3 /* CustomChallenge.swift */,
				80E072622C84AAFD00DDE0C2 /* StartedChallenge.swift */,
				80E072642C84AC4D00DDE0C2 /* Challenge.swift */,
				80E072662C84B47800DDE0C2 /* ChallengeDayRecord.swift */,
			);
			path = AppModels;
			sourceTree = "<group>";
		};
		8002FC7A2C7A4EC7001FF4A3 /* DBModels */ = {
			isa = PBXGroup;
			children = (
				8002FC752C7A473F001FF4A3 /* DBCustomChallengeModel+CoreDataClass.swift */,
				8002FC762C7A473F001FF4A3 /* DBCustomChallengeModel+CoreDataProperties.swift */,
				80E0725C2C84A6AF00DDE0C2 /* DBStartedChallengeModel+CoreDataClass.swift */,
				80E0725D2C84A6AF00DDE0C2 /* DBStartedChallengeModel+CoreDataProperties.swift */,
			);
			path = DBModels;
			sourceTree = "<group>";
		};
		8002FC7D2C7B653C001FF4A3 /* OpenedChallenge */ = {
			isa = PBXGroup;
			children = (
				8002FC7E2C7B6613001FF4A3 /* OpenedChallengeVC.swift */,
				8002FC802C7B6CE4001FF4A3 /* StartOpenedChallengeVC.swift */,
				8035724B2C87940600B0F65B /* StartedChallengeDetailsVC.swift */,
				807502732CB3FD5200726438 /* ChallengeDayCell.swift */,
			);
			path = OpenedChallenge;
			sourceTree = "<group>";
		};
		801309812C6BE99200E2020D /* Activity */ = {
			isa = PBXGroup;
			children = (
				801309822C6BE9A700E2020D /* AppActivityVC.swift */,
				80B8BB1D2C766C2900A29B8C /* AppActivityManager.swift */,
			);
			path = Activity;
			sourceTree = "<group>";
		};
		804D8FC42C2861D100FA30F3 /* Main */ = {
			isa = PBXGroup;
			children = (
				80722BBB2C7B85950069A08D /* Search */,
				80F2CE0C2C20BC6600B0E611 /* MainVC.swift */,
				804D8FC72C2871D300FA30F3 /* MainVCCollectiomLayout.swift */,
				805E27422C235BAA0048F78F /* CategoriesSource.swift */,
				805E274A2C2360340048F78F /* CategoriesSectionHeader.swift */,
				804D8FC52C2861EE00FA30F3 /* MainCategoriesCell.swift */,
				807861FF2C29E5EB00FA8938 /* MainVCListActionItem.swift */,
				807862012C29E86200FA8938 /* MainVCListActionView.swift */,
			);
			path = Main;
			sourceTree = "<group>";
		};
		80722BBB2C7B85950069A08D /* Search */ = {
			isa = PBXGroup;
			children = (
				80722BBC2C7B85EE0069A08D /* ChallengesSearchResultController.swift */,
				80722BBE2C7BB29B0069A08D /* ChallengesSearchResultHeaderView.swift */,
				80722BC02C7BB6680069A08D /* ChallengesSearchResultCell.swift */,
				804A2B502C7CE6BB00301BC4 /* ChallengesSearchResultSection.swift */,
				804A2B522C7CE7BE00301BC4 /* ChallengesSearchService.swift */,
			);
			path = Search;
			sourceTree = "<group>";
		};
		807502752CB4095B00726438 /* UI */ = {
			isa = PBXGroup;
			children = (
				807502782CB4099F00726438 /* TextViewWithPlaceholder.swift */,
				80BCB5DC2CB53E480080EF19 /* PopupVC.swift */,
				80BCB5DE2CB543E70080EF19 /* PopupFactory.swift */,
			);
			path = UI;
			sourceTree = "<group>";
		};
		807D48B52C1F532B004FB542 = {
			isa = PBXGroup;
			children = (
				807D48C02C1F532B004FB542 /* LidaChallenges */,
				807D48BF2C1F532B004FB542 /* Products */,
			);
			sourceTree = "<group>";
		};
		807D48BF2C1F532B004FB542 /* Products */ = {
			isa = PBXGroup;
			children = (
				807D48BE2C1F532B004FB542 /* LidaChallenges.app */,
			);
			name = Products;
			sourceTree = "<group>";
		};
		807D48C02C1F532B004FB542 /* LidaChallenges */ = {
			isa = PBXGroup;
			children = (
				805E27482C235CF30048F78F /* Localizable.strings */,
				8002FC682C7A33F9001FF4A3 /* Database */,
				807D48C12C1F532B004FB542 /* AppDelegate.swift */,
				807D48C32C1F532B004FB542 /* SceneDelegate.swift */,
				807D48C52C1F532B004FB542 /* AfterLaunchViewController.swift */,
				8091376C2C47009F0021CCE0 /* OffsetsService.swift */,
				80F2CE072C20B5E800B0E611 /* Screens */,
				809137612C45A9FF0021CCE0 /* AppRouter.swift */,
				80F2CDFD2C20B2F600B0E611 /* Utils */,
				807D48C72C1F532B004FB542 /* Main.storyboard */,
				807D48CD2C1F532D004FB542 /* Assets.xcassets */,
				807D48CF2C1F532D004FB542 /* LaunchScreen.storyboard */,
				807D48D22C1F532D004FB542 /* Info.plist */,
				807D48CA2C1F532B004FB542 /* LidaChallenges.xcdatamodeld */,
			);
			path = LidaChallenges;
			sourceTree = "<group>";
		};
		808C18342C5C02A600316CA8 /* ImagePick */ = {
			isa = PBXGroup;
			children = (
				8074463B2C55991E0093D65F /* CreateChallengeImageVC.swift */,
				808C18352C5C0A1F00316CA8 /* CreateChallengeImagePickGalleryCell.swift */,
				808C18372C5C110E00316CA8 /* CreateChallengeImagePickCell.swift */,
			);
			path = ImagePick;
			sourceTree = "<group>";
		};
		809137632C45ABF10021CCE0 /* MyChallenges */ = {
			isa = PBXGroup;
			children = (
				809137642C45AC160021CCE0 /* MyChallengesVC.swift */,
				8087DE012C8E038100F00064 /* MyChallengesSection.swift */,
				8087DE032C8E068E00F00064 /* MyChallengesSectionHeader.swift */,
				8087DE052C8E087100F00064 /* MyChallengesCell.swift */,
			);
			path = MyChallenges;
			sourceTree = "<group>";
		};
		809137672C46F4CB0021CCE0 /* CreateChallenge */ = {
			isa = PBXGroup;
			children = (
				809137682C46F50C0021CCE0 /* CreateChallengeMainVC.swift */,
				8026471F2C52EBF300705B2E /* CreateChallengeRegularityUtils.swift */,
				8026471D2C52EB8800705B2E /* ChallengeModelToCreate.swift */,
				8026471A2C52E35600705B2E /* CreateChallengeInfoVC.swift */,
				808C18342C5C02A600316CA8 /* ImagePick */,
			);
			path = CreateChallenge;
			sourceTree = "<group>";
		};
		80F2CDFD2C20B2F600B0E611 /* Utils */ = {
			isa = PBXGroup;
			children = (
				807502752CB4095B00726438 /* UI */,
				8091376A2C46FABC0021CCE0 /* KeyboardAppearService.swift */,
				800DA6C62C6172D800FCFCD6 /* ADSManager.swift */,
				80A500A42C655F1000EBED90 /* AppOpenAdManager.swift */,
				80F2CE032C20B3D200B0E611 /* Color+Hex.swift */,
				80F2CE042C20B3D200B0E611 /* String+Localisation.swift */,
				80F2CE0A2C20B74100B0E611 /* Controller+Childred.swift */,
				80F2CE002C20B33400B0E611 /* Colors */,
				8091375F2C45A83D0021CCE0 /* FontsProvider.swift */,
				800C40C12C5C1D2200AECCA4 /* UIImage+Utils.swift */,
				800C40C32C5C1D6100AECCA4 /* UIImageResizer.swift */,
				800C40C82C5EBCEC00AECCA4 /* AlertsPresenter.swift */,
				80BCB5E02CB555730080EF19 /* Formatters.swift */,
				80054B302CBAE19A009A00A3 /* Date+Utils.swift */,
			);
			path = Utils;
			sourceTree = "<group>";
		};
		80F2CE002C20B33400B0E611 /* Colors */ = {
			isa = PBXGroup;
			children = (
				80F2CDFE2C20B33000B0E611 /* ColorThemeProvider.swift */,
				80F2CE012C20B36A00B0E611 /* ColorThemes.swift */,
			);
			path = Colors;
			sourceTree = "<group>";
		};
		80F2CE072C20B5E800B0E611 /* Screens */ = {
			isa = PBXGroup;
			children = (
				801309812C6BE99200E2020D /* Activity */,
				80F2CE082C20B66400B0E611 /* AppRootVC.swift */,
				8002FC7D2C7B653C001FF4A3 /* OpenedChallenge */,
				804D8FC42C2861D100FA30F3 /* Main */,
				809137632C45ABF10021CCE0 /* MyChallenges */,
				809137672C46F4CB0021CCE0 /* CreateChallenge */,
			);
			path = Screens;
			sourceTree = "<group>";
		};
/* End PBXGroup section */

/* Begin PBXNativeTarget section */
		807D48BD2C1F532B004FB542 /* LidaChallenges */ = {
			isa = PBXNativeTarget;
			buildConfigurationList = 807D48D52C1F532D004FB542 /* Build configuration list for PBXNativeTarget "LidaChallenges" */;
			buildPhases = (
				807D48BA2C1F532B004FB542 /* Sources */,
				807D48BB2C1F532B004FB542 /* Frameworks */,
				807D48BC2C1F532B004FB542 /* Resources */,
			);
			buildRules = (
			);
			dependencies = (
			);
			name = LidaChallenges;
			packageProductDependencies = (
				8013097F2C6BE8F000E2020D /* GoogleMobileAds */,
			);
			productName = LidaChallenges;
			productReference = 807D48BE2C1F532B004FB542 /* LidaChallenges.app */;
			productType = "com.apple.product-type.application";
		};
/* End PBXNativeTarget section */

/* Begin PBXProject section */
		807D48B62C1F532B004FB542 /* Project object */ = {
			isa = PBXProject;
			attributes = {
				BuildIndependentTargetsInParallel = 1;
				LastSwiftUpdateCheck = 1520;
				LastUpgradeCheck = 1520;
				TargetAttributes = {
					807D48BD2C1F532B004FB542 = {
						CreatedOnToolsVersion = 15.2;
					};
				};
			};
			buildConfigurationList = 807D48B92C1F532B004FB542 /* Build configuration list for PBXProject "LidaChallenges" */;
			compatibilityVersion = "Xcode 14.0";
			developmentRegion = en;
			hasScannedForEncodings = 0;
			knownRegions = (
				en,
				Base,
				ru,
			);
			mainGroup = 807D48B52C1F532B004FB542;
			packageReferences = (
				8013097E2C6BE8F000E2020D /* XCRemoteSwiftPackageReference "swift-package-manager-google-mobile-ads" */,
			);
			productRefGroup = 807D48BF2C1F532B004FB542 /* Products */;
			projectDirPath = "";
			projectRoot = "";
			targets = (
				807D48BD2C1F532B004FB542 /* LidaChallenges */,
			);
		};
/* End PBXProject section */

/* Begin PBXResourcesBuildPhase section */
		807D48BC2C1F532B004FB542 /* Resources */ = {
			isa = PBXResourcesBuildPhase;
			buildActionMask = 2147483647;
			files = (
				807D48D12C1F532D004FB542 /* LaunchScreen.storyboard in Resources */,
				805E27462C235CF30048F78F /* Localizable.strings in Resources */,
				807D48CE2C1F532D004FB542 /* Assets.xcassets in Resources */,
				807D48C92C1F532B004FB542 /* Main.storyboard in Resources */,
			);
			runOnlyForDeploymentPostprocessing = 0;
		};
/* End PBXResourcesBuildPhase section */

/* Begin PBXSourcesBuildPhase section */
		807D48BA2C1F532B004FB542 /* Sources */ = {
			isa = PBXSourcesBuildPhase;
			buildActionMask = 2147483647;
			files = (
				807862022C29E86200FA8938 /* MainVCListActionView.swift in Sources */,
				80F2CE062C20B3D200B0E611 /* String+Localisation.swift in Sources */,
				809137622C45A9FF0021CCE0 /* AppRouter.swift in Sources */,
				807502792CB4099F00726438 /* TextViewWithPlaceholder.swift in Sources */,
				80F2CE052C20B3D200B0E611 /* Color+Hex.swift in Sources */,
				804A2B512C7CE6BB00301BC4 /* ChallengesSearchResultSection.swift in Sources */,
				8035724C2C87940600B0F65B /* StartedChallengeDetailsVC.swift in Sources */,
				80F2CDFF2C20B33000B0E611 /* ColorThemeProvider.swift in Sources */,
				809137692C46F50C0021CCE0 /* CreateChallengeMainVC.swift in Sources */,
				8091376D2C47009F0021CCE0 /* OffsetsService.swift in Sources */,
				808C18382C5C110E00316CA8 /* CreateChallengeImagePickCell.swift in Sources */,
				80BCB5DD2CB53E480080EF19 /* PopupVC.swift in Sources */,
				8002FC772C7A473F001FF4A3 /* DBCustomChallengeModel+CoreDataClass.swift in Sources */,
				8002FC782C7A473F001FF4A3 /* DBCustomChallengeModel+CoreDataProperties.swift in Sources */,
				807D48C62C1F532B004FB542 /* AfterLaunchViewController.swift in Sources */,
				8087DE022C8E038100F00064 /* MyChallengesSection.swift in Sources */,
				8002FC6E2C7A3C71001FF4A3 /* DatabaseService.swift in Sources */,
				80722BBD2C7B85EE0069A08D /* ChallengesSearchResultController.swift in Sources */,
				807502742CB3FD5200726438 /* ChallengeDayCell.swift in Sources */,
				80F2CE0D2C20BC6600B0E611 /* MainVC.swift in Sources */,
				802647202C52EBF300705B2E /* CreateChallengeRegularityUtils.swift in Sources */,
				805E274B2C2360340048F78F /* CategoriesSectionHeader.swift in Sources */,
				8026471B2C52E35600705B2E /* CreateChallengeInfoVC.swift in Sources */,
				80F2CE0B2C20B74100B0E611 /* Controller+Childred.swift in Sources */,
				808C18362C5C0A1F00316CA8 /* CreateChallengeImagePickGalleryCell.swift in Sources */,
				800DA6C72C6172D800FCFCD6 /* ADSManager.swift in Sources */,
				804A2B532C7CE7BE00301BC4 /* ChallengesSearchService.swift in Sources */,
				805E27432C235BAA0048F78F /* CategoriesSource.swift in Sources */,
				80F2CE092C20B66400B0E611 /* AppRootVC.swift in Sources */,
				807D48C22C1F532B004FB542 /* AppDelegate.swift in Sources */,
				8002FC7F2C7B6613001FF4A3 /* OpenedChallengeVC.swift in Sources */,
				80F2CE022C20B36A00B0E611 /* ColorThemes.swift in Sources */,
				8087DE062C8E087100F00064 /* MyChallengesCell.swift in Sources */,
				8087DE042C8E068E00F00064 /* MyChallengesSectionHeader.swift in Sources */,
				800C40C92C5EBCEC00AECCA4 /* AlertsPresenter.swift in Sources */,
				8002FC702C7A4491001FF4A3 /* CustomChallengeDBService.swift in Sources */,
				807D48C42C1F532B004FB542 /* SceneDelegate.swift in Sources */,
				80054B312CBAE19A009A00A3 /* Date+Utils.swift in Sources */,
				807862002C29E5EB00FA8938 /* MainVCListActionItem.swift in Sources */,
				80E072652C84AC4D00DDE0C2 /* Challenge.swift in Sources */,
				804D8FC62C2861EE00FA30F3 /* MainCategoriesCell.swift in Sources */,
				80722BBF2C7BB29B0069A08D /* ChallengesSearchResultHeaderView.swift in Sources */,
				801309832C6BE9A700E2020D /* AppActivityVC.swift in Sources */,
				80E072612C84A95600DDE0C2 /* StartedChallengeDBService.swift in Sources */,
				809137652C45AC160021CCE0 /* MyChallengesVC.swift in Sources */,
				800C40C22C5C1D2200AECCA4 /* UIImage+Utils.swift in Sources */,
				8074463C2C55991F0093D65F /* CreateChallengeImageVC.swift in Sources */,
				8026471E2C52EB8800705B2E /* ChallengeModelToCreate.swift in Sources */,
				80A500A52C655F1000EBED90 /* AppOpenAdManager.swift in Sources */,
				80BCB5E12CB555730080EF19 /* Formatters.swift in Sources */,
				8002FC812C7B6CE4001FF4A3 /* StartOpenedChallengeVC.swift in Sources */,
				80E0725E2C84A6AF00DDE0C2 /* DBStartedChallengeModel+CoreDataClass.swift in Sources */,
				80E072672C84B47800DDE0C2 /* ChallengeDayRecord.swift in Sources */,
				80E0725F2C84A6AF00DDE0C2 /* DBStartedChallengeModel+CoreDataProperties.swift in Sources */,
				80E072632C84AAFD00DDE0C2 /* StartedChallenge.swift in Sources */,
				804D8FC82C2871D300FA30F3 /* MainVCCollectiomLayout.swift in Sources */,
				807D48CC2C1F532B004FB542 /* LidaChallenges.xcdatamodeld in Sources */,
				80BCB5DF2CB543E70080EF19 /* PopupFactory.swift in Sources */,
				80B8BB1E2C766C2900A29B8C /* AppActivityManager.swift in Sources */,
				809137602C45A83D0021CCE0 /* FontsProvider.swift in Sources */,
				80722BC12C7BB6680069A08D /* ChallengesSearchResultCell.swift in Sources */,
				8091376B2C46FABC0021CCE0 /* KeyboardAppearService.swift in Sources */,
				8002FC7C2C7A4EDE001FF4A3 /* CustomChallenge.swift in Sources */,
				800C40C42C5C1D6100AECCA4 /* UIImageResizer.swift in Sources */,
			);
			runOnlyForDeploymentPostprocessing = 0;
		};
/* End PBXSourcesBuildPhase section */

/* Begin PBXVariantGroup section */
		805E27482C235CF30048F78F /* Localizable.strings */ = {
			isa = PBXVariantGroup;
			children = (
				805E27472C235CF30048F78F /* en */,
				805E27492C235D0A0048F78F /* ru */,
			);
			name = Localizable.strings;
			sourceTree = "<group>";
		};
		807D48C72C1F532B004FB542 /* Main.storyboard */ = {
			isa = PBXVariantGroup;
			children = (
				807D48C82C1F532B004FB542 /* Base */,
			);
			name = Main.storyboard;
			sourceTree = "<group>";
		};
		807D48CF2C1F532D004FB542 /* LaunchScreen.storyboard */ = {
			isa = PBXVariantGroup;
			children = (
				807D48D02C1F532D004FB542 /* Base */,
			);
			name = LaunchScreen.storyboard;
			sourceTree = "<group>";
		};
/* End PBXVariantGroup section */

/* Begin XCBuildConfiguration section */
		807D48D32C1F532D004FB542 /* Debug */ = {
			isa = XCBuildConfiguration;
			buildSettings = {
				ALWAYS_SEARCH_USER_PATHS = NO;
				ASSETCATALOG_COMPILER_GENERATE_SWIFT_ASSET_SYMBOL_EXTENSIONS = YES;
				CLANG_ANALYZER_LOCALIZABILITY_NONLOCALIZED = YES;
				CLANG_ANALYZER_NONNULL = YES;
				CLANG_ANALYZER_NUMBER_OBJECT_CONVERSION = YES_AGGRESSIVE;
				CLANG_CXX_LANGUAGE_STANDARD = "gnu++20";
				CLANG_ENABLE_MODULES = YES;
				CLANG_ENABLE_OBJC_ARC = YES;
				CLANG_ENABLE_OBJC_WEAK = YES;
				CLANG_WARN_BLOCK_CAPTURE_AUTORELEASING = YES;
				CLANG_WARN_BOOL_CONVERSION = YES;
				CLANG_WARN_COMMA = YES;
				CLANG_WARN_CONSTANT_CONVERSION = YES;
				CLANG_WARN_DEPRECATED_OBJC_IMPLEMENTATIONS = YES;
				CLANG_WARN_DIRECT_OBJC_ISA_USAGE = YES_ERROR;
				CLANG_WARN_DOCUMENTATION_COMMENTS = YES;
				CLANG_WARN_EMPTY_BODY = YES;
				CLANG_WARN_ENUM_CONVERSION = YES;
				CLANG_WARN_INFINITE_RECURSION = YES;
				CLANG_WARN_INT_CONVERSION = YES;
				CLANG_WARN_NON_LITERAL_NULL_CONVERSION = YES;
				CLANG_WARN_OBJC_IMPLICIT_RETAIN_SELF = YES;
				CLANG_WARN_OBJC_LITERAL_CONVERSION = YES;
				CLANG_WARN_OBJC_ROOT_CLASS = YES_ERROR;
				CLANG_WARN_QUOTED_INCLUDE_IN_FRAMEWORK_HEADER = YES;
				CLANG_WARN_RANGE_LOOP_ANALYSIS = YES;
				CLANG_WARN_STRICT_PROTOTYPES = YES;
				CLANG_WARN_SUSPICIOUS_MOVE = YES;
				CLANG_WARN_UNGUARDED_AVAILABILITY = YES_AGGRESSIVE;
				CLANG_WARN_UNREACHABLE_CODE = YES;
				CLANG_WARN__DUPLICATE_METHOD_MATCH = YES;
				COPY_PHASE_STRIP = NO;
				DEBUG_INFORMATION_FORMAT = dwarf;
				ENABLE_STRICT_OBJC_MSGSEND = YES;
				ENABLE_TESTABILITY = YES;
				ENABLE_USER_SCRIPT_SANDBOXING = YES;
				GCC_C_LANGUAGE_STANDARD = gnu17;
				GCC_DYNAMIC_NO_PIC = NO;
				GCC_NO_COMMON_BLOCKS = YES;
				GCC_OPTIMIZATION_LEVEL = 0;
				GCC_PREPROCESSOR_DEFINITIONS = (
					"DEBUG=1",
					"$(inherited)",
				);
				GCC_WARN_64_TO_32_BIT_CONVERSION = YES;
				GCC_WARN_ABOUT_RETURN_TYPE = YES_ERROR;
				GCC_WARN_UNDECLARED_SELECTOR = YES;
				GCC_WARN_UNINITIALIZED_AUTOS = YES_AGGRESSIVE;
				GCC_WARN_UNUSED_FUNCTION = YES;
				GCC_WARN_UNUSED_VARIABLE = YES;
				IPHONEOS_DEPLOYMENT_TARGET = 17.2;
				LOCALIZATION_PREFERS_STRING_CATALOGS = YES;
				MTL_ENABLE_DEBUG_INFO = INCLUDE_SOURCE;
				MTL_FAST_MATH = YES;
				ONLY_ACTIVE_ARCH = YES;
				SDKROOT = iphoneos;
				SWIFT_ACTIVE_COMPILATION_CONDITIONS = "DEBUG $(inherited)";
				SWIFT_OPTIMIZATION_LEVEL = "-Onone";
			};
			name = Debug;
		};
		807D48D42C1F532D004FB542 /* Release */ = {
			isa = XCBuildConfiguration;
			buildSettings = {
				ALWAYS_SEARCH_USER_PATHS = NO;
				ASSETCATALOG_COMPILER_GENERATE_SWIFT_ASSET_SYMBOL_EXTENSIONS = YES;
				CLANG_ANALYZER_LOCALIZABILITY_NONLOCALIZED = YES;
				CLANG_ANALYZER_NONNULL = YES;
				CLANG_ANALYZER_NUMBER_OBJECT_CONVERSION = YES_AGGRESSIVE;
				CLANG_CXX_LANGUAGE_STANDARD = "gnu++20";
				CLANG_ENABLE_MODULES = YES;
				CLANG_ENABLE_OBJC_ARC = YES;
				CLANG_ENABLE_OBJC_WEAK = YES;
				CLANG_WARN_BLOCK_CAPTURE_AUTORELEASING = YES;
				CLANG_WARN_BOOL_CONVERSION = YES;
				CLANG_WARN_COMMA = YES;
				CLANG_WARN_CONSTANT_CONVERSION = YES;
				CLANG_WARN_DEPRECATED_OBJC_IMPLEMENTATIONS = YES;
				CLANG_WARN_DIRECT_OBJC_ISA_USAGE = YES_ERROR;
				CLANG_WARN_DOCUMENTATION_COMMENTS = YES;
				CLANG_WARN_EMPTY_BODY = YES;
				CLANG_WARN_ENUM_CONVERSION = YES;
				CLANG_WARN_INFINITE_RECURSION = YES;
				CLANG_WARN_INT_CONVERSION = YES;
				CLANG_WARN_NON_LITERAL_NULL_CONVERSION = YES;
				CLANG_WARN_OBJC_IMPLICIT_RETAIN_SELF = YES;
				CLANG_WARN_OBJC_LITERAL_CONVERSION = YES;
				CLANG_WARN_OBJC_ROOT_CLASS = YES_ERROR;
				CLANG_WARN_QUOTED_INCLUDE_IN_FRAMEWORK_HEADER = YES;
				CLANG_WARN_RANGE_LOOP_ANALYSIS = YES;
				CLANG_WARN_STRICT_PROTOTYPES = YES;
				CLANG_WARN_SUSPICIOUS_MOVE = YES;
				CLANG_WARN_UNGUARDED_AVAILABILITY = YES_AGGRESSIVE;
				CLANG_WARN_UNREACHABLE_CODE = YES;
				CLANG_WARN__DUPLICATE_METHOD_MATCH = YES;
				COPY_PHASE_STRIP = NO;
				DEBUG_INFORMATION_FORMAT = "dwarf-with-dsym";
				ENABLE_NS_ASSERTIONS = NO;
				ENABLE_STRICT_OBJC_MSGSEND = YES;
				ENABLE_USER_SCRIPT_SANDBOXING = YES;
				GCC_C_LANGUAGE_STANDARD = gnu17;
				GCC_NO_COMMON_BLOCKS = YES;
				GCC_WARN_64_TO_32_BIT_CONVERSION = YES;
				GCC_WARN_ABOUT_RETURN_TYPE = YES_ERROR;
				GCC_WARN_UNDECLARED_SELECTOR = YES;
				GCC_WARN_UNINITIALIZED_AUTOS = YES_AGGRESSIVE;
				GCC_WARN_UNUSED_FUNCTION = YES;
				GCC_WARN_UNUSED_VARIABLE = YES;
				IPHONEOS_DEPLOYMENT_TARGET = 17.2;
				LOCALIZATION_PREFERS_STRING_CATALOGS = YES;
				MTL_ENABLE_DEBUG_INFO = NO;
				MTL_FAST_MATH = YES;
				SDKROOT = iphoneos;
				SWIFT_COMPILATION_MODE = wholemodule;
				VALIDATE_PRODUCT = YES;
			};
			name = Release;
		};
		807D48D62C1F532D004FB542 /* Debug */ = {
			isa = XCBuildConfiguration;
			buildSettings = {
				ASSETCATALOG_COMPILER_APPICON_NAME = AppIcon;
				ASSETCATALOG_COMPILER_GLOBAL_ACCENT_COLOR_NAME = AccentColor;
				CODE_SIGN_STYLE = Automatic;
				CURRENT_PROJECT_VERSION = 1;
				DEVELOPMENT_TEAM = VYS4WS26NU;
				GENERATE_INFOPLIST_FILE = YES;
				INFOPLIST_FILE = LidaChallenges/Info.plist;
				INFOPLIST_KEY_CFBundleDisplayName = ChallengeTime;
				INFOPLIST_KEY_NSPhotoLibraryUsageDescription = "$(PRODUCT_NAME) would like to access your photo.";
				INFOPLIST_KEY_UIApplicationSupportsIndirectInputEvents = YES;
				INFOPLIST_KEY_UILaunchStoryboardName = LaunchScreen;
				INFOPLIST_KEY_UIMainStoryboardFile = Main;
				INFOPLIST_KEY_UIStatusBarStyle = "";
				INFOPLIST_KEY_UISupportedInterfaceOrientations = UIInterfaceOrientationPortrait;
				IPHONEOS_DEPLOYMENT_TARGET = 16.0;
				LD_RUNPATH_SEARCH_PATHS = (
					"$(inherited)",
					"@executable_path/Frameworks",
				);
				MARKETING_VERSION = 1.0;
				OTHER_LDFLAGS = "-ObjC";
				PRODUCT_BUNDLE_IDENTIFIER = iKor.LidaChallengeTime;
				PRODUCT_NAME = "$(TARGET_NAME)";
				SWIFT_EMIT_LOC_STRINGS = YES;
				SWIFT_VERSION = 5.0;
				TARGETED_DEVICE_FAMILY = "1,2";
			};
			name = Debug;
		};
		807D48D72C1F532D004FB542 /* Release */ = {
			isa = XCBuildConfiguration;
			buildSettings = {
				ASSETCATALOG_COMPILER_APPICON_NAME = AppIcon;
				ASSETCATALOG_COMPILER_GLOBAL_ACCENT_COLOR_NAME = AccentColor;
				CODE_SIGN_STYLE = Automatic;
				CURRENT_PROJECT_VERSION = 1;
				DEVELOPMENT_TEAM = VYS4WS26NU;
				GENERATE_INFOPLIST_FILE = YES;
				INFOPLIST_FILE = LidaChallenges/Info.plist;
				INFOPLIST_KEY_CFBundleDisplayName = ChallengeTime;
				INFOPLIST_KEY_NSPhotoLibraryUsageDescription = "$(PRODUCT_NAME) would like to access your photo.";
				INFOPLIST_KEY_UIApplicationSupportsIndirectInputEvents = YES;
				INFOPLIST_KEY_UILaunchStoryboardName = LaunchScreen;
				INFOPLIST_KEY_UIMainStoryboardFile = Main;
				INFOPLIST_KEY_UIStatusBarStyle = "";
				INFOPLIST_KEY_UISupportedInterfaceOrientations = UIInterfaceOrientationPortrait;
				IPHONEOS_DEPLOYMENT_TARGET = 16.0;
				LD_RUNPATH_SEARCH_PATHS = (
					"$(inherited)",
					"@executable_path/Frameworks",
				);
				MARKETING_VERSION = 1.0;
				OTHER_LDFLAGS = "-ObjC";
				PRODUCT_BUNDLE_IDENTIFIER = iKor.LidaChallengeTime;
				PRODUCT_NAME = "$(TARGET_NAME)";
				SWIFT_EMIT_LOC_STRINGS = YES;
				SWIFT_VERSION = 5.0;
				TARGETED_DEVICE_FAMILY = "1,2";
			};
			name = Release;
		};
/* End XCBuildConfiguration section */

/* Begin XCConfigurationList section */
		807D48B92C1F532B004FB542 /* Build configuration list for PBXProject "LidaChallenges" */ = {
			isa = XCConfigurationList;
			buildConfigurations = (
				807D48D32C1F532D004FB542 /* Debug */,
				807D48D42C1F532D004FB542 /* Release */,
			);
			defaultConfigurationIsVisible = 0;
			defaultConfigurationName = Release;
		};
		807D48D52C1F532D004FB542 /* Build configuration list for PBXNativeTarget "LidaChallenges" */ = {
			isa = XCConfigurationList;
			buildConfigurations = (
				807D48D62C1F532D004FB542 /* Debug */,
				807D48D72C1F532D004FB542 /* Release */,
			);
			defaultConfigurationIsVisible = 0;
			defaultConfigurationName = Release;
		};
/* End XCConfigurationList section */

/* Begin XCRemoteSwiftPackageReference section */
		8013097E2C6BE8F000E2020D /* XCRemoteSwiftPackageReference "swift-package-manager-google-mobile-ads" */ = {
			isa = XCRemoteSwiftPackageReference;
			repositoryURL = "https://github.com/googleads/swift-package-manager-google-mobile-ads.git";
			requirement = {
				kind = upToNextMajorVersion;
				minimumVersion = 11.8.0;
			};
		};
/* End XCRemoteSwiftPackageReference section */

/* Begin XCSwiftPackageProductDependency section */
		8013097F2C6BE8F000E2020D /* GoogleMobileAds */ = {
			isa = XCSwiftPackageProductDependency;
			package = 8013097E2C6BE8F000E2020D /* XCRemoteSwiftPackageReference "swift-package-manager-google-mobile-ads" */;
			productName = GoogleMobileAds;
		};
/* End XCSwiftPackageProductDependency section */

/* Begin XCVersionGroup section */
		807D48CA2C1F532B004FB542 /* LidaChallenges.xcdatamodeld */ = {
			isa = XCVersionGroup;
			children = (
				807D48CB2C1F532B004FB542 /* LidaChallenges.xcdatamodel */,
			);
			currentVersion = 807D48CB2C1F532B004FB542 /* LidaChallenges.xcdatamodel */;
			path = LidaChallenges.xcdatamodeld;
			sourceTree = "<group>";
			versionGroupType = wrapper.xcdatamodel;
		};
/* End XCVersionGroup section */
	};
	rootObject = 807D48B62C1F532B004FB542 /* Project object */;
}
